{
  "version": 2,
  "packages": {
    "db_connector": {
      "version": "0.1.0",
      "vcsRevision": "74aef399e5c232f95c9fc5c987cebac846f09d62",
      "url": "https://github.com/nim-lang/db_connector",
      "downloadMethod": "git",
      "dependencies": [],
      "checksums": {
        "sha1": "b20053975976f94afac253d67cc6ef9200b32d02"
      }
    },
    "results": {
      "version": "0.5.1",
      "vcsRevision": "df8113dda4c2d74d460a8fa98252b0b771bf1f27",
      "url": "https://github.com/arnetheduck/nim-results",
      "downloadMethod": "git",
      "dependencies": [],
      "checksums": {
        "sha1": "a9c011f74bc9ed5c91103917b9f382b12e82a9e7"
      }
    },
    "unittest2": {
      "version": "0.2.4",
      "vcsRevision": "8b51e99b4a57fcfb31689230e75595f024543024",
      "url": "https://github.com/status-im/nim-unittest2",
      "downloadMethod": "git",
      "dependencies": [],
      "checksums": {
        "sha1": "746106a4dfefffce497f1693733f1c1513b5c62c"
      }
    },
    "stew": {
      "version": "0.4.1",
      "vcsRevision": "e5740014961438610d336cd81706582dbf2c96f0",
      "url": "https://github.com/status-im/nim-stew",
      "downloadMethod": "git",
      "dependencies": [
        "results",
        "unittest2"
      ],
      "checksums": {
        "sha1": "996d9c058ee078d0209a5f539424a0235683918c"
      }
    },
    "faststreams": {
      "version": "0.5.0",
      "vcsRevision": "ce27581a3e881f782f482cb66dc5b07a02bd615e",
      "url": "https://github.com/status-im/nim-faststreams",
      "downloadMethod": "git",
      "dependencies": [
        "stew",
        "unittest2"
      ],
      "checksums": {
        "sha1": "ee61e507b805ae1df7ec936f03f2d101b0d72383"
      }
    },
    "seaqt": {
      "version": "0.6.4.0",
      "vcsRevision": "2d95808bdd9f6dd2c212b69a57af4618da241d37",
      "url": "https://github.com/seaqt/nim-seaqt",
      "downloadMethod": "git",
      "dependencies": [],
      "checksums": {
        "sha1": "4b05762909502cd88ebb0930db13d1ea4ee49015"
      }
    },
    "serialization": {
      "version": "0.4.9",
      "vcsRevision": "b5193007a49639b21b2b80cd8ef8cbe0df6b0e48",
      "url": "https://github.com/status-im/nim-serialization",
      "downloadMethod": "git",
      "dependencies": [
        "faststreams",
        "unittest2",
        "stew"
      ],
      "checksums": {
        "sha1": "ab0812a7e16ae39ee68f4a6b1938a1b83dee34be"
      }
    },
    "toml_serialization": {
      "version": "0.2.18",
      "vcsRevision": "b5b387e6fb2a7cc75d54a269b07cc6218361bd46",
      "url": "https://github.com/status-im/nim-toml-serialization",
      "downloadMethod": "git",
      "dependencies": [
        "faststreams",
        "serialization",
        "stew"
      ],
      "checksums": {
        "sha1": "76ae1c2af5dd092849b41750ff29217980dc9ca3"
      }
    }
  },
  "tasks": {}
}
